
Microsoft Visual Studio Solution File, Format Version 12.00
# Visual Studio Version 17
VisualStudioVersion = 17.6.33829.357
MinimumVisualStudioVersion = 10.0.40219.1
Project("{2150E333-8FDC-42A3-9474-1A3956D46DE8}") = "src", "src", "{7499479E-7572-4C10-8A41-98D20449ABE0}"
EndProject
Project("{2150E333-8FDC-42A3-9474-1A3956D46DE8}") = "tests", "tests", "{1781009F-4651-41E9-B923-81C09AEDE174}"
EndProject
Project("{2150E333-8FDC-42A3-9474-1A3956D46DE8}") = "deploy", "deploy", "{DF8CCBF4-CEBC-4CF5-86B1-940601F505EA}"
	ProjectSection(SolutionItems) = preProject
		deploy\build.yaml = deploy\build.yaml
		deploy\pipeline.yaml = deploy\pipeline.yaml
		deploy\release.yaml = deploy\release.yaml
	EndProjectSection
EndProject
Project("{2150E333-8FDC-42A3-9474-1A3956D46DE8}") = "infra", "infra", "{EE20620E-C998-4ED1-BD5E-2F51BA8C8EA8}"
	ProjectSection(SolutionItems) = preProject
		infra\mktg-showcase-intelligent-document-processing-dev-deployment-scripts.ps1 = infra\mktg-showcase-intelligent-document-processing-dev-deployment-scripts.ps1
		infra\mktg-showcase-intelligent-document-processing-main-dev.bicepparam = infra\mktg-showcase-intelligent-document-processing-main-dev.bicepparam
		infra\mktg-showcase-intelligent-document-processing-main.bicep = infra\mktg-showcase-intelligent-document-processing-main.bicep
	EndProjectSection
EndProject
Project("{9A19103F-16F7-4668-BE54-9A1E7A4F7556}") = "AzureFuncs.IntelligentDocumentProcessing.Functions", "src\AzureFuncs.IntelligentDocumentProcessing.Functions\AzureFuncs.IntelligentDocumentProcessing.Functions.csproj", "{C6BC9A85-4060-4F1F-8C79-9661C392454D}"
EndProject
Project("{2150E333-8FDC-42A3-9474-1A3956D46DE8}") = "doc", "doc", "{571A79A8-8A17-427A-A262-C24A1289DDE3}"
	ProjectSection(SolutionItems) = preProject
		doc\README.md = doc\README.md
	EndProjectSection
EndProject
Project("{2150E333-8FDC-42A3-9474-1A3956D46DE8}") = "templates", "templates", "{B15AAC36-9E12-4DBE-BDE2-B6A9C076A56B}"
	ProjectSection(SolutionItems) = preProject
		infra\templates\azure-ai-services.bicep = infra\templates\azure-ai-services.bicep
		infra\templates\blob-services.bicep = infra\templates\blob-services.bicep
		infra\templates\email-attachments-into-blob-storage-logic-app.bicep = infra\templates\email-attachments-into-blob-storage-logic-app.bicep
		infra\templates\function-app.bicep = infra\templates\function-app.bicep
		infra\templates\hosting-plan.bicep = infra\templates\hosting-plan.bicep
		infra\templates\storage-account.bicep = infra\templates\storage-account.bicep
		infra\templates\storage-accounts-role-assignments.bicep = infra\templates\storage-accounts-role-assignments.bicep
		infra\templates\web-connections.bicep = infra\templates\web-connections.bicep
	EndProjectSection
EndProject
Global
	GlobalSection(SolutionConfigurationPlatforms) = preSolution
		Debug|Any CPU = Debug|Any CPU
		Release|Any CPU = Release|Any CPU
	EndGlobalSection
	GlobalSection(ProjectConfigurationPlatforms) = postSolution
		{C6BC9A85-4060-4F1F-8C79-9661C392454D}.Debug|Any CPU.ActiveCfg = Debug|Any CPU
		{C6BC9A85-4060-4F1F-8C79-9661C392454D}.Debug|Any CPU.Build.0 = Debug|Any CPU
		{C6BC9A85-4060-4F1F-8C79-9661C392454D}.Release|Any CPU.ActiveCfg = Release|Any CPU
		{C6BC9A85-4060-4F1F-8C79-9661C392454D}.Release|Any CPU.Build.0 = Release|Any CPU
	EndGlobalSection
	GlobalSection(SolutionProperties) = preSolution
		HideSolutionNode = FALSE
	EndGlobalSection
	GlobalSection(NestedProjects) = preSolution
		{C6BC9A85-4060-4F1F-8C79-9661C392454D} = {7499479E-7572-4C10-8A41-98D20449ABE0}
		{B15AAC36-9E12-4DBE-BDE2-B6A9C076A56B} = {EE20620E-C998-4ED1-BD5E-2F51BA8C8EA8}
	EndGlobalSection
	GlobalSection(ExtensibilityGlobals) = postSolution
		SolutionGuid = {B9555BD3-0A1B-4E15-8014-1263B3A15F9F}
	EndGlobalSection
EndGlobal
